
Microsoft Visual Studio Solution File, Format Version 12.00
# Visual Studio Version 17
VisualStudioVersion = 17.4.33213.308
MinimumVisualStudioVersion = 10.0.40219.1
Project("{FAE04EC0-301F-11D3-BF4B-00C04F79EFBC}") = "login_dotnet_grupo8", "login_dotnet_grupo8\login_dotnet_grupo8.csproj", "{0479C35B-5953-4535-BFFC-6F02DB4F5442}"
EndProject
Global
	GlobalSection(SolutionConfigurationPlatforms) = preSolution
		Debug|Any CPU = Debug|Any CPU
		Release|Any CPU = Release|Any CPU
	EndGlobalSection
	GlobalSection(ProjectConfigurationPlatforms) = postSolution
		{0479C35B-5953-4535-BFFC-6F02DB4F5442}.Debug|Any CPU.ActiveCfg = Debug|Any CPU
		{0479C35B-5953-4535-BFFC-6F02DB4F5442}.Debug|Any CPU.Build.0 = Debug|Any CPU
		{0479C35B-5953-4535-BFFC-6F02DB4F5442}.Release|Any CPU.ActiveCfg = Release|Any CPU
		{0479C35B-5953-4535-BFFC-6F02DB4F5442}.Release|Any CPU.Build.0 = Release|Any CPU
	EndGlobalSection
	GlobalSection(SolutionProperties) = preSolution
		HideSolutionNode = FALSE
	EndGlobalSection
	GlobalSection(ExtensibilityGlobals) = postSolution
		SolutionGuid = {12AB9772-E310-46DA-A1F2-BCCA08AA7EF8}
	EndGlobalSection
EndGlobal
